
Microsoft Visual Studio Solution File, Format Version 12.00
# Visual Studio Version 16
VisualStudioVersion = 16.0.30907.101
MinimumVisualStudioVersion = 10.0.40219.1
Project("{FAE04EC0-301F-11D3-BF4B-00C04F79EFBC}") = "biblioteca", "biblioteca\biblioteca.csproj", "{78C1C3B5-E8E1-4CC5-AE6C-5979F70859CC}"
EndProject
Global
	GlobalSection(SolutionConfigurationPlatforms) = preSolution
		Debug|Any CPU = Debug|Any CPU
		Release|Any CPU = Release|Any CPU
	EndGlobalSection
	GlobalSection(ProjectConfigurationPlatforms) = postSolution
		{78C1C3B5-E8E1-4CC5-AE6C-5979F70859CC}.Debug|Any CPU.ActiveCfg = Debug|Any CPU
		{78C1C3B5-E8E1-4CC5-AE6C-5979F70859CC}.Debug|Any CPU.Build.0 = Debug|Any CPU
		{78C1C3B5-E8E1-4CC5-AE6C-5979F70859CC}.Release|Any CPU.ActiveCfg = Release|Any CPU
		{78C1C3B5-E8E1-4CC5-AE6C-5979F70859CC}.Release|Any CPU.Build.0 = Release|Any CPU
	EndGlobalSection
	GlobalSection(SolutionProperties) = preSolution
		HideSolutionNode = FALSE
	EndGlobalSection
	GlobalSection(ExtensibilityGlobals) = postSolution
		SolutionGuid = {E266C28D-5314-482C-95EF-DCE956FCEBEB}
	EndGlobalSection
EndGlobal
